
Microsoft Visual Studio Solution File, Format Version 12.00
# Visual Studio Version 16
VisualStudioVersion = 16.0.30523.141
MinimumVisualStudioVersion = 10.0.40219.1
Project("{FAE04EC0-301F-11D3-BF4B-00C04F79EFBC}") = "WAD_Practical", "WAD_Practical\WAD_Practical.csproj", "{82CD1363-8D93-4A31-9868-A659E7F61303}"
EndProject
Global
	GlobalSection(SolutionConfigurationPlatforms) = preSolution
		Debug|Any CPU = Debug|Any CPU
		Release|Any CPU = Release|Any CPU
	EndGlobalSection
	GlobalSection(ProjectConfigurationPlatforms) = postSolution
		{82CD1363-8D93-4A31-9868-A659E7F61303}.Debug|Any CPU.ActiveCfg = Debug|Any CPU
		{82CD1363-8D93-4A31-9868-A659E7F61303}.Debug|Any CPU.Build.0 = Debug|Any CPU
		{82CD1363-8D93-4A31-9868-A659E7F61303}.Release|Any CPU.ActiveCfg = Release|Any CPU
		{82CD1363-8D93-4A31-9868-A659E7F61303}.Release|Any CPU.Build.0 = Release|Any CPU
	EndGlobalSection
	GlobalSection(SolutionProperties) = preSolution
		HideSolutionNode = FALSE
	EndGlobalSection
	GlobalSection(ExtensibilityGlobals) = postSolution
		SolutionGuid = {3BFBE279-9DC7-43A6-A972-9CACA38099EB}
	EndGlobalSection
EndGlobal
